
Microsoft Visual Studio Solution File, Format Version 12.00
# Visual Studio 14
VisualStudioVersion = 14.0.23107.0
MinimumVisualStudioVersion = 10.0.40219.1
Project("{FAE04EC0-301F-11D3-BF4B-00C04F79EFBC}") = "BenchmarkDotNet", "BenchmarkDotNet\BenchmarkDotNet.csproj", "{0F20FA04-52D8-4DB9-8B39-909125396A87}"
EndProject
Project("{FAE04EC0-301F-11D3-BF4B-00C04F79EFBC}") = "BenchmarkDotNet.Samples", "BenchmarkDotNet.Samples\BenchmarkDotNet.Samples.csproj", "{8CC6F8BC-F949-4575-B65E-AA06D3E35460}"
EndProject
Project("{FAE04EC0-301F-11D3-BF4B-00C04F79EFBC}") = "BenchmarkDotNet.IntegrationTests", "BenchmarkDotNet.IntegrationTests\BenchmarkDotNet.IntegrationTests.csproj", "{74362BB1-9F64-4BE5-B079-B4AC19DAE5DB}"
EndProject
Project("{FAE04EC0-301F-11D3-BF4B-00C04F79EFBC}") = "BenchmarkDotNet.Visualizer", "BenchmarkDotNet.Visualizer\BenchmarkDotNet.Visualizer.csproj", "{5AB013D1-494F-4647-B8A9-13B078B35B25}"
EndProject
Project("{FAE04EC0-301F-11D3-BF4B-00C04F79EFBC}") = "BenchmarkDotNet.Tests", "BenchmarkDotNet.Tests\BenchmarkDotNet.Tests.csproj", "{16C47ABF-43E0-4DB4-8151-36CA7A4082AE}"
EndProject
Global
	GlobalSection(SolutionConfigurationPlatforms) = preSolution
		Debug|Any CPU = Debug|Any CPU
		Release|Any CPU = Release|Any CPU
	EndGlobalSection
	GlobalSection(ProjectConfigurationPlatforms) = postSolution
		{0F20FA04-52D8-4DB9-8B39-909125396A87}.Debug|Any CPU.ActiveCfg = Debug|Any CPU
		{0F20FA04-52D8-4DB9-8B39-909125396A87}.Debug|Any CPU.Build.0 = Debug|Any CPU
		{0F20FA04-52D8-4DB9-8B39-909125396A87}.Release|Any CPU.ActiveCfg = Release|Any CPU
		{0F20FA04-52D8-4DB9-8B39-909125396A87}.Release|Any CPU.Build.0 = Release|Any CPU
		{8CC6F8BC-F949-4575-B65E-AA06D3E35460}.Debug|Any CPU.ActiveCfg = Debug|Any CPU
		{8CC6F8BC-F949-4575-B65E-AA06D3E35460}.Debug|Any CPU.Build.0 = Debug|Any CPU
		{8CC6F8BC-F949-4575-B65E-AA06D3E35460}.Release|Any CPU.ActiveCfg = Release|Any CPU
		{8CC6F8BC-F949-4575-B65E-AA06D3E35460}.Release|Any CPU.Build.0 = Release|Any CPU
		{74362BB1-9F64-4BE5-B079-B4AC19DAE5DB}.Debug|Any CPU.ActiveCfg = Debug|Any CPU
		{74362BB1-9F64-4BE5-B079-B4AC19DAE5DB}.Debug|Any CPU.Build.0 = Debug|Any CPU
		{74362BB1-9F64-4BE5-B079-B4AC19DAE5DB}.Release|Any CPU.ActiveCfg = Release|Any CPU
		{74362BB1-9F64-4BE5-B079-B4AC19DAE5DB}.Release|Any CPU.Build.0 = Release|Any CPU
		{5AB013D1-494F-4647-B8A9-13B078B35B25}.Debug|Any CPU.ActiveCfg = Debug|Any CPU
		{5AB013D1-494F-4647-B8A9-13B078B35B25}.Debug|Any CPU.Build.0 = Debug|Any CPU
		{5AB013D1-494F-4647-B8A9-13B078B35B25}.Release|Any CPU.ActiveCfg = Release|Any CPU
		{5AB013D1-494F-4647-B8A9-13B078B35B25}.Release|Any CPU.Build.0 = Release|Any CPU
		{16C47ABF-43E0-4DB4-8151-36CA7A4082AE}.Debug|Any CPU.ActiveCfg = Debug|Any CPU
		{16C47ABF-43E0-4DB4-8151-36CA7A4082AE}.Debug|Any CPU.Build.0 = Debug|Any CPU
		{16C47ABF-43E0-4DB4-8151-36CA7A4082AE}.Release|Any CPU.ActiveCfg = Release|Any CPU
		{16C47ABF-43E0-4DB4-8151-36CA7A4082AE}.Release|Any CPU.Build.0 = Release|Any CPU
	EndGlobalSection
	GlobalSection(SolutionProperties) = preSolution
		HideSolutionNode = FALSE
	EndGlobalSection
	GlobalSection(CodealikeProperties) = postSolution
		SolutionGuid = d2cbc5be-205d-41dd-a90d-d625822471e3
	EndGlobalSection
EndGlobal
