
Microsoft Visual Studio Solution File, Format Version 12.00
# Visual Studio 15
VisualStudioVersion = 15.0.27130.2027
MinimumVisualStudioVersion = 10.0.40219.1
Project("{2150E333-8FDC-42A3-9474-1A3956D46DE8}") = "src", "src", "{D6597E3A-6892-4A68-8E14-042FC941FDA2}"
EndProject
Project("{2150E333-8FDC-42A3-9474-1A3956D46DE8}") = "tests", "tests", "{14195214-591A-45B7-851A-19D3BA2413F9}"
EndProject
Project("{2150E333-8FDC-42A3-9474-1A3956D46DE8}") = "samples", "samples", "{602236FF-A83D-43BA-9EE7-A4B0BE2CA4B3}"
EndProject
Project("{9A19103F-16F7-4668-BE54-9A1E7A4F7556}") = "BenchmarkDotNet", "src\BenchmarkDotNet\BenchmarkDotNet.csproj", "{AF1E6F8A-5C63-465F-96F4-5E5F183A33B9}"
EndProject
Project("{9A19103F-16F7-4668-BE54-9A1E7A4F7556}") = "BenchmarkDotNet.Diagnostics.Windows", "src\BenchmarkDotNet.Diagnostics.Windows\BenchmarkDotNet.Diagnostics.Windows.csproj", "{B61A2815-4E2F-42F7-A87C-973C488B11CA}"
EndProject
Project("{9A19103F-16F7-4668-BE54-9A1E7A4F7556}") = "BenchmarkDotNet.IntegrationTests.CustomPaths", "tests\BenchmarkDotNet.IntegrationTests.CustomPaths\BenchmarkDotNet.IntegrationTests.CustomPaths.csproj", "{0031728E-A5D4-47C1-9C1A-6C859A765C9D}"
EndProject
Project("{6EC3EE1D-3C4E-46DD-8F32-0CC8E7565705}") = "BenchmarkDotNet.Samples.FSharp", "samples\BenchmarkDotNet.Samples.FSharp\BenchmarkDotNet.Samples.FSharp.fsproj", "{A329F00E-4B9D-4BC6-B688-92698D773CBF}"
EndProject
Project("{6EC3EE1D-3C4E-46DD-8F32-0CC8E7565705}") = "BenchmarkDotNet.IntegrationTests.FSharp", "tests\BenchmarkDotNet.IntegrationTests.FSharp\BenchmarkDotNet.IntegrationTests.FSharp.fsproj", "{367FAFE1-A1C8-4AA1-9334-F4762E128DBB}"
EndProject
Project("{778DAE3C-4631-46EA-AA77-85C1314464D9}") = "BenchmarkDotNet.IntegrationTests.VisualBasic", "tests\BenchmarkDotNet.IntegrationTests.VisualBasic\BenchmarkDotNet.IntegrationTests.VisualBasic.vbproj", "{D8803ECA-4ABF-45B8-BD1D-7C637416C448}"
EndProject
Project("{9A19103F-16F7-4668-BE54-9A1E7A4F7556}") = "BenchmarkDotNet.IntegrationTests.DisabledOptimizations", "tests\BenchmarkDotNet.IntegrationTests.DisabledOptimizations\BenchmarkDotNet.IntegrationTests.DisabledOptimizations.csproj", "{AC2188E5-A140-43E2-8A76-4BDABFE30ABA}"
EndProject
Project("{9A19103F-16F7-4668-BE54-9A1E7A4F7556}") = "BenchmarkDotNet.IntegrationTests.EnabledOptimizations", "tests\BenchmarkDotNet.IntegrationTests.EnabledOptimizations\BenchmarkDotNet.IntegrationTests.EnabledOptimizations.csproj", "{873581FF-DB9D-42E5-8F11-32A4B7BB28EC}"
EndProject
Project("{9A19103F-16F7-4668-BE54-9A1E7A4F7556}") = "BenchmarkDotNet.Samples", "samples\BenchmarkDotNet.Samples\BenchmarkDotNet.Samples.csproj", "{EB38672B-12AB-465E-8132-B0E323A510C8}"
EndProject
Project("{9A19103F-16F7-4668-BE54-9A1E7A4F7556}") = "BenchmarkDotNet.Tests", "tests\BenchmarkDotNet.Tests\BenchmarkDotNet.Tests.csproj", "{45FE17A7-0E04-48C0-8CDC-493CDA449F7A}"
EndProject
Project("{9A19103F-16F7-4668-BE54-9A1E7A4F7556}") = "BenchmarkDotNet.IntegrationTests", "tests\BenchmarkDotNet.IntegrationTests\BenchmarkDotNet.IntegrationTests.csproj", "{6A3CBB07-E337-488E-BDAC-ED96AF8ED608}"
EndProject
Project("{9A19103F-16F7-4668-BE54-9A1E7A4F7556}") = "BenchmarkDotNet.IntegrationTests.ConfigPerAssembly", "tests\BenchmarkDotNet.IntegrationTests.ConfigPerAssembly\BenchmarkDotNet.IntegrationTests.ConfigPerAssembly.csproj", "{043F1DA4-CD51-45FD-805E-6571D67AA661}"
EndProject
Project("{9A19103F-16F7-4668-BE54-9A1E7A4F7556}") = "BenchmarkDotNet.Disassembler.x64", "src\BenchmarkDotNet.Disassembler.x64\BenchmarkDotNet.Disassembler.x64.csproj", "{E5A0833C-B633-4D62-B645-A927CEBFEEBB}"
EndProject
Project("{9A19103F-16F7-4668-BE54-9A1E7A4F7556}") = "BenchmarkDotNet.Disassembler.x86", "src\BenchmarkDotNet.Disassembler.x86\BenchmarkDotNet.Disassembler.x86.csproj", "{D189AAB3-46B4-4437-8E9C-72F021AB2B6E}"
EndProject
Project("{9A19103F-16F7-4668-BE54-9A1E7A4F7556}") = "BenchmarkDotNet.IntegrationTests.ManualRunning", "tests\BenchmarkDotNet.IntegrationTests.ManualRunning\BenchmarkDotNet.IntegrationTests.ManualRunning.csproj", "{9816D316-95C4-42E6-9E7B-A256C7E5D4BF}"
EndProject
Project("{9A19103F-16F7-4668-BE54-9A1E7A4F7556}") = "BenchmarkDotNet.IntegrationTests.Static", "tests\BenchmarkDotNet.IntegrationTests.Static\BenchmarkDotNet.IntegrationTests.Static.csproj", "{B4405781-40D3-42B8-B168-00E711FABA15}"
EndProject
Project("{9A19103F-16F7-4668-BE54-9A1E7A4F7556}") = "BenchmarkDotNet.Annotations", "src\BenchmarkDotNet.Annotations\BenchmarkDotNet.Annotations.csproj", "{D9F5065B-6190-431B-850C-117E3D64AB33}"
EndProject
Project("{2150E333-8FDC-42A3-9474-1A3956D46DE8}") = "templates", "templates", "{63B94FD6-3F3D-4E04-9727-48E86AC4384C}"
EndProject
Project("{9A19103F-16F7-4668-BE54-9A1E7A4F7556}") = "BenchmarkDotNet.Templates", "templates\BenchmarkDotNet.Templates.csproj", "{B620D10A-CD8E-4A34-8B27-FD6257E63AD0}"
EndProject
Global
	GlobalSection(SolutionConfigurationPlatforms) = preSolution
		Debug|Any CPU = Debug|Any CPU
		Release|Any CPU = Release|Any CPU
	EndGlobalSection
	GlobalSection(ProjectConfigurationPlatforms) = postSolution
		{AF1E6F8A-5C63-465F-96F4-5E5F183A33B9}.Debug|Any CPU.ActiveCfg = Debug|Any CPU
		{AF1E6F8A-5C63-465F-96F4-5E5F183A33B9}.Debug|Any CPU.Build.0 = Debug|Any CPU
		{AF1E6F8A-5C63-465F-96F4-5E5F183A33B9}.Release|Any CPU.ActiveCfg = Release|Any CPU
		{AF1E6F8A-5C63-465F-96F4-5E5F183A33B9}.Release|Any CPU.Build.0 = Release|Any CPU
		{B61A2815-4E2F-42F7-A87C-973C488B11CA}.Debug|Any CPU.ActiveCfg = Debug|Any CPU
		{B61A2815-4E2F-42F7-A87C-973C488B11CA}.Debug|Any CPU.Build.0 = Debug|Any CPU
		{B61A2815-4E2F-42F7-A87C-973C488B11CA}.Release|Any CPU.ActiveCfg = Release|Any CPU
		{B61A2815-4E2F-42F7-A87C-973C488B11CA}.Release|Any CPU.Build.0 = Release|Any CPU
		{0031728E-A5D4-47C1-9C1A-6C859A765C9D}.Debug|Any CPU.ActiveCfg = Debug|Any CPU
		{0031728E-A5D4-47C1-9C1A-6C859A765C9D}.Debug|Any CPU.Build.0 = Debug|Any CPU
		{0031728E-A5D4-47C1-9C1A-6C859A765C9D}.Release|Any CPU.ActiveCfg = Release|Any CPU
		{0031728E-A5D4-47C1-9C1A-6C859A765C9D}.Release|Any CPU.Build.0 = Release|Any CPU
		{A329F00E-4B9D-4BC6-B688-92698D773CBF}.Debug|Any CPU.ActiveCfg = Debug|Any CPU
		{A329F00E-4B9D-4BC6-B688-92698D773CBF}.Debug|Any CPU.Build.0 = Debug|Any CPU
		{A329F00E-4B9D-4BC6-B688-92698D773CBF}.Release|Any CPU.ActiveCfg = Release|Any CPU
		{A329F00E-4B9D-4BC6-B688-92698D773CBF}.Release|Any CPU.Build.0 = Release|Any CPU
		{367FAFE1-A1C8-4AA1-9334-F4762E128DBB}.Debug|Any CPU.ActiveCfg = Debug|Any CPU
		{367FAFE1-A1C8-4AA1-9334-F4762E128DBB}.Debug|Any CPU.Build.0 = Debug|Any CPU
		{367FAFE1-A1C8-4AA1-9334-F4762E128DBB}.Release|Any CPU.ActiveCfg = Release|Any CPU
		{367FAFE1-A1C8-4AA1-9334-F4762E128DBB}.Release|Any CPU.Build.0 = Release|Any CPU
		{D8803ECA-4ABF-45B8-BD1D-7C637416C448}.Debug|Any CPU.ActiveCfg = Debug|Any CPU
		{D8803ECA-4ABF-45B8-BD1D-7C637416C448}.Debug|Any CPU.Build.0 = Debug|Any CPU
		{D8803ECA-4ABF-45B8-BD1D-7C637416C448}.Release|Any CPU.ActiveCfg = Release|Any CPU
		{D8803ECA-4ABF-45B8-BD1D-7C637416C448}.Release|Any CPU.Build.0 = Release|Any CPU
		{AC2188E5-A140-43E2-8A76-4BDABFE30ABA}.Debug|Any CPU.ActiveCfg = Debug|Any CPU
		{AC2188E5-A140-43E2-8A76-4BDABFE30ABA}.Debug|Any CPU.Build.0 = Debug|Any CPU
		{AC2188E5-A140-43E2-8A76-4BDABFE30ABA}.Release|Any CPU.ActiveCfg = Release|Any CPU
		{AC2188E5-A140-43E2-8A76-4BDABFE30ABA}.Release|Any CPU.Build.0 = Release|Any CPU
		{873581FF-DB9D-42E5-8F11-32A4B7BB28EC}.Debug|Any CPU.ActiveCfg = Debug|Any CPU
		{873581FF-DB9D-42E5-8F11-32A4B7BB28EC}.Debug|Any CPU.Build.0 = Debug|Any CPU
		{873581FF-DB9D-42E5-8F11-32A4B7BB28EC}.Release|Any CPU.ActiveCfg = Release|Any CPU
		{873581FF-DB9D-42E5-8F11-32A4B7BB28EC}.Release|Any CPU.Build.0 = Release|Any CPU
		{EB38672B-12AB-465E-8132-B0E323A510C8}.Debug|Any CPU.ActiveCfg = Debug|Any CPU
		{EB38672B-12AB-465E-8132-B0E323A510C8}.Debug|Any CPU.Build.0 = Debug|Any CPU
		{EB38672B-12AB-465E-8132-B0E323A510C8}.Release|Any CPU.ActiveCfg = Release|Any CPU
		{EB38672B-12AB-465E-8132-B0E323A510C8}.Release|Any CPU.Build.0 = Release|Any CPU
		{45FE17A7-0E04-48C0-8CDC-493CDA449F7A}.Debug|Any CPU.ActiveCfg = Debug|Any CPU
		{45FE17A7-0E04-48C0-8CDC-493CDA449F7A}.Debug|Any CPU.Build.0 = Debug|Any CPU
		{45FE17A7-0E04-48C0-8CDC-493CDA449F7A}.Release|Any CPU.ActiveCfg = Release|Any CPU
		{45FE17A7-0E04-48C0-8CDC-493CDA449F7A}.Release|Any CPU.Build.0 = Release|Any CPU
		{6A3CBB07-E337-488E-BDAC-ED96AF8ED608}.Debug|Any CPU.ActiveCfg = Debug|Any CPU
		{6A3CBB07-E337-488E-BDAC-ED96AF8ED608}.Debug|Any CPU.Build.0 = Debug|Any CPU
		{6A3CBB07-E337-488E-BDAC-ED96AF8ED608}.Release|Any CPU.ActiveCfg = Release|Any CPU
		{6A3CBB07-E337-488E-BDAC-ED96AF8ED608}.Release|Any CPU.Build.0 = Release|Any CPU
		{043F1DA4-CD51-45FD-805E-6571D67AA661}.Debug|Any CPU.ActiveCfg = Debug|Any CPU
		{043F1DA4-CD51-45FD-805E-6571D67AA661}.Debug|Any CPU.Build.0 = Debug|Any CPU
		{043F1DA4-CD51-45FD-805E-6571D67AA661}.Release|Any CPU.ActiveCfg = Release|Any CPU
		{043F1DA4-CD51-45FD-805E-6571D67AA661}.Release|Any CPU.Build.0 = Release|Any CPU
		{E5A0833C-B633-4D62-B645-A927CEBFEEBB}.Debug|Any CPU.ActiveCfg = Debug|Any CPU
		{E5A0833C-B633-4D62-B645-A927CEBFEEBB}.Debug|Any CPU.Build.0 = Debug|Any CPU
		{E5A0833C-B633-4D62-B645-A927CEBFEEBB}.Release|Any CPU.ActiveCfg = Release|Any CPU
		{E5A0833C-B633-4D62-B645-A927CEBFEEBB}.Release|Any CPU.Build.0 = Release|Any CPU
		{D189AAB3-46B4-4437-8E9C-72F021AB2B6E}.Debug|Any CPU.ActiveCfg = Debug|Any CPU
		{D189AAB3-46B4-4437-8E9C-72F021AB2B6E}.Debug|Any CPU.Build.0 = Debug|Any CPU
		{D189AAB3-46B4-4437-8E9C-72F021AB2B6E}.Release|Any CPU.ActiveCfg = Release|Any CPU
		{D189AAB3-46B4-4437-8E9C-72F021AB2B6E}.Release|Any CPU.Build.0 = Release|Any CPU
		{9816D316-95C4-42E6-9E7B-A256C7E5D4BF}.Debug|Any CPU.ActiveCfg = Debug|Any CPU
		{9816D316-95C4-42E6-9E7B-A256C7E5D4BF}.Debug|Any CPU.Build.0 = Debug|Any CPU
		{9816D316-95C4-42E6-9E7B-A256C7E5D4BF}.Release|Any CPU.ActiveCfg = Release|Any CPU
		{9816D316-95C4-42E6-9E7B-A256C7E5D4BF}.Release|Any CPU.Build.0 = Release|Any CPU
		{B4405781-40D3-42B8-B168-00E711FABA15}.Debug|Any CPU.ActiveCfg = Debug|Any CPU
		{B4405781-40D3-42B8-B168-00E711FABA15}.Debug|Any CPU.Build.0 = Debug|Any CPU
		{B4405781-40D3-42B8-B168-00E711FABA15}.Release|Any CPU.ActiveCfg = Release|Any CPU
		{B4405781-40D3-42B8-B168-00E711FABA15}.Release|Any CPU.Build.0 = Release|Any CPU
		{D9F5065B-6190-431B-850C-117E3D64AB33}.Debug|Any CPU.ActiveCfg = Debug|Any CPU
		{D9F5065B-6190-431B-850C-117E3D64AB33}.Debug|Any CPU.Build.0 = Debug|Any CPU
		{D9F5065B-6190-431B-850C-117E3D64AB33}.Release|Any CPU.ActiveCfg = Release|Any CPU
		{D9F5065B-6190-431B-850C-117E3D64AB33}.Release|Any CPU.Build.0 = Release|Any CPU
		{B620D10A-CD8E-4A34-8B27-FD6257E63AD0}.Debug|Any CPU.ActiveCfg = Debug|Any CPU
		{B620D10A-CD8E-4A34-8B27-FD6257E63AD0}.Debug|Any CPU.Build.0 = Debug|Any CPU
		{B620D10A-CD8E-4A34-8B27-FD6257E63AD0}.Release|Any CPU.ActiveCfg = Release|Any CPU
		{B620D10A-CD8E-4A34-8B27-FD6257E63AD0}.Release|Any CPU.Build.0 = Release|Any CPU
	EndGlobalSection
	GlobalSection(SolutionProperties) = preSolution
		HideSolutionNode = FALSE
	EndGlobalSection
	GlobalSection(NestedProjects) = preSolution
		{AF1E6F8A-5C63-465F-96F4-5E5F183A33B9} = {D6597E3A-6892-4A68-8E14-042FC941FDA2}
		{B61A2815-4E2F-42F7-A87C-973C488B11CA} = {D6597E3A-6892-4A68-8E14-042FC941FDA2}
		{0031728E-A5D4-47C1-9C1A-6C859A765C9D} = {14195214-591A-45B7-851A-19D3BA2413F9}
		{A329F00E-4B9D-4BC6-B688-92698D773CBF} = {602236FF-A83D-43BA-9EE7-A4B0BE2CA4B3}
		{367FAFE1-A1C8-4AA1-9334-F4762E128DBB} = {14195214-591A-45B7-851A-19D3BA2413F9}
		{D8803ECA-4ABF-45B8-BD1D-7C637416C448} = {14195214-591A-45B7-851A-19D3BA2413F9}
		{AC2188E5-A140-43E2-8A76-4BDABFE30ABA} = {14195214-591A-45B7-851A-19D3BA2413F9}
		{873581FF-DB9D-42E5-8F11-32A4B7BB28EC} = {14195214-591A-45B7-851A-19D3BA2413F9}
		{EB38672B-12AB-465E-8132-B0E323A510C8} = {602236FF-A83D-43BA-9EE7-A4B0BE2CA4B3}
		{45FE17A7-0E04-48C0-8CDC-493CDA449F7A} = {14195214-591A-45B7-851A-19D3BA2413F9}
		{6A3CBB07-E337-488E-BDAC-ED96AF8ED608} = {14195214-591A-45B7-851A-19D3BA2413F9}
		{043F1DA4-CD51-45FD-805E-6571D67AA661} = {14195214-591A-45B7-851A-19D3BA2413F9}
		{E5A0833C-B633-4D62-B645-A927CEBFEEBB} = {D6597E3A-6892-4A68-8E14-042FC941FDA2}
		{D189AAB3-46B4-4437-8E9C-72F021AB2B6E} = {D6597E3A-6892-4A68-8E14-042FC941FDA2}
		{9816D316-95C4-42E6-9E7B-A256C7E5D4BF} = {14195214-591A-45B7-851A-19D3BA2413F9}
		{B4405781-40D3-42B8-B168-00E711FABA15} = {14195214-591A-45B7-851A-19D3BA2413F9}
		{D9F5065B-6190-431B-850C-117E3D64AB33} = {D6597E3A-6892-4A68-8E14-042FC941FDA2}
		{B620D10A-CD8E-4A34-8B27-FD6257E63AD0} = {63B94FD6-3F3D-4E04-9727-48E86AC4384C}
	EndGlobalSection
	GlobalSection(ExtensibilityGlobals) = postSolution
		SolutionGuid = {4D9AF12B-1F7F-45A7-9E8C-E4E46ADCBD1F}
	EndGlobalSection
EndGlobal
