
Microsoft Visual Studio Solution File, Format Version 12.00
# Visual Studio Version 17
VisualStudioVersion = 17.0.31710.8
MinimumVisualStudioVersion = 10.0.40219.1
Project("{9A19103F-16F7-4668-BE54-9A1E7A4F7556}") = "BenchmarkDotNet", "src\BenchmarkDotNet\BenchmarkDotNet.csproj", "{B5F58AA0-88F8-4C8C-B734-E1217E23079E}"
EndProject
Project("{9A19103F-16F7-4668-BE54-9A1E7A4F7556}") = "BenchmarkDotNet.Annotations", "src\BenchmarkDotNet.Annotations\BenchmarkDotNet.Annotations.csproj", "{F07A7F74-15B6-4DC6-8617-A3A9C11C71EF}"
EndProject
Project("{FAE04EC0-301F-11D3-BF4B-00C04F79EFBC}") = "BenchmarkDotNet.Analyzers", "src\BenchmarkDotNet.Analyzers\BenchmarkDotNet.Analyzers.csproj", "{AA4DDCA0-C1D8-ADA8-69FE-2F67C4CA96B1}"
EndProject
Project("{FAE04EC0-301F-11D3-BF4B-00C04F79EFBC}") = "BenchmarkDotNet.Analyzers.Tests", "tests\BenchmarkDotNet.Analyzers.Tests\BenchmarkDotNet.Analyzers.Tests.csproj", "{7DE89F16-2160-42E3-004E-1F5064732121}"
EndProject
Global
	GlobalSection(SolutionConfigurationPlatforms) = preSolution
		Debug|Any CPU = Debug|Any CPU
		Release|Any CPU = Release|Any CPU
	EndGlobalSection
	GlobalSection(ProjectConfigurationPlatforms) = postSolution
		{B5F58AA0-88F8-4C8C-B734-E1217E23079E}.Debug|Any CPU.ActiveCfg = Debug|Any CPU
		{B5F58AA0-88F8-4C8C-B734-E1217E23079E}.Debug|Any CPU.Build.0 = Debug|Any CPU
		{B5F58AA0-88F8-4C8C-B734-E1217E23079E}.Release|Any CPU.ActiveCfg = Release|Any CPU
		{B5F58AA0-88F8-4C8C-B734-E1217E23079E}.Release|Any CPU.Build.0 = Release|Any CPU
		{F07A7F74-15B6-4DC6-8617-A3A9C11C71EF}.Debug|Any CPU.ActiveCfg = Debug|Any CPU
		{F07A7F74-15B6-4DC6-8617-A3A9C11C71EF}.Debug|Any CPU.Build.0 = Debug|Any CPU
		{F07A7F74-15B6-4DC6-8617-A3A9C11C71EF}.Release|Any CPU.ActiveCfg = Release|Any CPU
		{F07A7F74-15B6-4DC6-8617-A3A9C11C71EF}.Release|Any CPU.Build.0 = Release|Any CPU
		{AA4DDCA0-C1D8-ADA8-69FE-2F67C4CA96B1}.Debug|Any CPU.ActiveCfg = Debug|Any CPU
		{AA4DDCA0-C1D8-ADA8-69FE-2F67C4CA96B1}.Debug|Any CPU.Build.0 = Debug|Any CPU
		{AA4DDCA0-C1D8-ADA8-69FE-2F67C4CA96B1}.Release|Any CPU.ActiveCfg = Release|Any CPU
		{AA4DDCA0-C1D8-ADA8-69FE-2F67C4CA96B1}.Release|Any CPU.Build.0 = Release|Any CPU
		{7DE89F16-2160-42E3-004E-1F5064732121}.Debug|Any CPU.ActiveCfg = Debug|Any CPU
		{7DE89F16-2160-42E3-004E-1F5064732121}.Debug|Any CPU.Build.0 = Debug|Any CPU
		{7DE89F16-2160-42E3-004E-1F5064732121}.Release|Any CPU.ActiveCfg = Release|Any CPU
		{7DE89F16-2160-42E3-004E-1F5064732121}.Release|Any CPU.Build.0 = Release|Any CPU
	EndGlobalSection
	GlobalSection(SolutionProperties) = preSolution
		HideSolutionNode = FALSE
	EndGlobalSection
	GlobalSection(ExtensibilityGlobals) = postSolution
		SolutionGuid = {27411BE6-6445-400B-AB04-29B993B39CFF}
	EndGlobalSection
EndGlobal
