
Microsoft Visual Studio Solution File, Format Version 12.00
# Visual Studio Version 16
VisualStudioVersion = 16.0.33027.164
MinimumVisualStudioVersion = 10.0.40219.1
Project("{FAE04EC0-301F-11D3-BF4B-00C04F79EFBC}") = "BenchmarkDotNet.IntegrationTests.ClassicNetFramework", "BenchmarkDotNet.IntegrationTests.ClassicNetFramework\BenchmarkDotNet.IntegrationTests.ClassicNetFramework.csproj", "{E12076C1-091A-4CB8-8153-E620115D4370}"
EndProject
Project("{9A19103F-16F7-4668-BE54-9A1E7A4F7556}") = "BenchmarkDotNet.IntegrationTests.CsProjNetFramework", "BenchmarkDotNet.IntegrationTests.CsProjNetFramework\BenchmarkDotNet.IntegrationTests.CsProjNetFramework.csproj", "{3758EB72-35A4-478A-A06D-CDBC625BD51D}"
EndProject
Project("{9A19103F-16F7-4668-BE54-9A1E7A4F7556}") = "BenchmarkDotNet.IntegrationTests.ManualRunning", "BenchmarkDotNet.IntegrationTests.ManualRunning\BenchmarkDotNet.IntegrationTests.ManualRunning.csproj", "{4455D12B-EE23-4D54-90A6-9567E1F5805B}"
EndProject
Global
	GlobalSection(SolutionConfigurationPlatforms) = preSolution
		Debug|Any CPU = Debug|Any CPU
		Release|Any CPU = Release|Any CPU
	EndGlobalSection
	GlobalSection(ProjectConfigurationPlatforms) = postSolution
		{E12076C1-091A-4CB8-8153-E620115D4370}.Debug|Any CPU.ActiveCfg = Debug|Any CPU
		{E12076C1-091A-4CB8-8153-E620115D4370}.Debug|Any CPU.Build.0 = Debug|Any CPU
		{E12076C1-091A-4CB8-8153-E620115D4370}.Release|Any CPU.ActiveCfg = Release|Any CPU
		{E12076C1-091A-4CB8-8153-E620115D4370}.Release|Any CPU.Build.0 = Release|Any CPU
		{3758EB72-35A4-478A-A06D-CDBC625BD51D}.Debug|Any CPU.ActiveCfg = Debug|Any CPU
		{3758EB72-35A4-478A-A06D-CDBC625BD51D}.Debug|Any CPU.Build.0 = Debug|Any CPU
		{3758EB72-35A4-478A-A06D-CDBC625BD51D}.Release|Any CPU.ActiveCfg = Release|Any CPU
		{3758EB72-35A4-478A-A06D-CDBC625BD51D}.Release|Any CPU.Build.0 = Release|Any CPU
		{4455D12B-EE23-4D54-90A6-9567E1F5805B}.Debug|Any CPU.ActiveCfg = Debug|Any CPU
		{4455D12B-EE23-4D54-90A6-9567E1F5805B}.Debug|Any CPU.Build.0 = Debug|Any CPU
		{4455D12B-EE23-4D54-90A6-9567E1F5805B}.Release|Any CPU.ActiveCfg = Release|Any CPU
		{4455D12B-EE23-4D54-90A6-9567E1F5805B}.Release|Any CPU.Build.0 = Release|Any CPU
	EndGlobalSection
	GlobalSection(SolutionProperties) = preSolution
		HideSolutionNode = FALSE
	EndGlobalSection
	GlobalSection(ExtensibilityGlobals) = postSolution
		SolutionGuid = {122F2753-AF6B-405F-8ED8-0FC6A5BA0E42}
	EndGlobalSection
EndGlobal
